
Microsoft Visual Studio Solution File, Format Version 11.00
# Visual Studio 2010
Project("{FAE04EC0-301F-11D3-BF4B-00C04F79EFBC}") = "Hangar", "Hangar.csproj", "{382B8257-AD02-4655-B7C7-B54F56C2957B}"
EndProject
Global
	GlobalSection(SolutionConfigurationPlatforms) = preSolution
		Debug|Any CPU = Debug|Any CPU
		Release|Any CPU = Release|Any CPU
	EndGlobalSection
	GlobalSection(ProjectConfigurationPlatforms) = postSolution
		{382B8257-AD02-4655-B7C7-B54F56C2957B}.Debug|Any CPU.ActiveCfg = Debug|Any CPU
		{382B8257-AD02-4655-B7C7-B54F56C2957B}.Debug|Any CPU.Build.0 = Debug|Any CPU
		{382B8257-AD02-4655-B7C7-B54F56C2957B}.Release|Any CPU.ActiveCfg = Release|Any CPU
		{382B8257-AD02-4655-B7C7-B54F56C2957B}.Release|Any CPU.Build.0 = Release|Any CPU
	EndGlobalSection
	GlobalSection(MonoDevelopProperties) = preSolution
		StartupItem = Hangar.csproj
	EndGlobalSection
EndGlobal
